
Microsoft Visual Studio Solution File, Format Version 12.00
# Visual Studio Version 16
VisualStudioVersion = 16.0.29519.181
MinimumVisualStudioVersion = 10.0.40219.1
Project("{FAE04EC0-301F-11D3-BF4B-00C04F79EFBC}") = "OstadYab", "OstadYab\OstadYab.csproj", "{4DF14408-D221-46F0-9DB6-1132D1C5EC99}"
EndProject
Global
	GlobalSection(SolutionConfigurationPlatforms) = preSolution
		Debug|Any CPU = Debug|Any CPU
		Release|Any CPU = Release|Any CPU
	EndGlobalSection
	GlobalSection(ProjectConfigurationPlatforms) = postSolution
		{4DF14408-D221-46F0-9DB6-1132D1C5EC99}.Debug|Any CPU.ActiveCfg = Debug|Any CPU
		{4DF14408-D221-46F0-9DB6-1132D1C5EC99}.Debug|Any CPU.Build.0 = Debug|Any CPU
		{4DF14408-D221-46F0-9DB6-1132D1C5EC99}.Release|Any CPU.ActiveCfg = Release|Any CPU
		{4DF14408-D221-46F0-9DB6-1132D1C5EC99}.Release|Any CPU.Build.0 = Release|Any CPU
	EndGlobalSection
	GlobalSection(SolutionProperties) = preSolution
		HideSolutionNode = FALSE
	EndGlobalSection
	GlobalSection(ExtensibilityGlobals) = postSolution
		SolutionGuid = {59FD83A2-5FE7-4EDE-903B-5C1348F275CC}
	EndGlobalSection
EndGlobal
